
Microsoft Visual Studio Solution File, Format Version 12.00
# Visual Studio Version 17
VisualStudioVersion = 17.8.34601.278
MinimumVisualStudioVersion = 10.0.40219.1
Project("{9A19103F-16F7-4668-BE54-9A1E7A4F7556}") = "API_Proj", "API_Proj\API_Proj.csproj", "{3C11C6DB-A9ED-453C-921D-FF5B191CB9ED}"
EndProject
Project("{FAE04EC0-301F-11D3-BF4B-00C04F79EFBC}") = "API_Proj.Test", "API_Proj.Test\API_Proj.Test.csproj", "{71A8109F-6827-40B5-B9F9-C06F239B6114}"
EndProject
Global
	GlobalSection(SolutionConfigurationPlatforms) = preSolution
		Debug|Any CPU = Debug|Any CPU
		Release|Any CPU = Release|Any CPU
	EndGlobalSection
	GlobalSection(ProjectConfigurationPlatforms) = postSolution
		{3C11C6DB-A9ED-453C-921D-FF5B191CB9ED}.Debug|Any CPU.ActiveCfg = Debug|Any CPU
		{3C11C6DB-A9ED-453C-921D-FF5B191CB9ED}.Debug|Any CPU.Build.0 = Debug|Any CPU
		{3C11C6DB-A9ED-453C-921D-FF5B191CB9ED}.Release|Any CPU.ActiveCfg = Release|Any CPU
		{3C11C6DB-A9ED-453C-921D-FF5B191CB9ED}.Release|Any CPU.Build.0 = Release|Any CPU
		{71A8109F-6827-40B5-B9F9-C06F239B6114}.Debug|Any CPU.ActiveCfg = Debug|Any CPU
		{71A8109F-6827-40B5-B9F9-C06F239B6114}.Debug|Any CPU.Build.0 = Debug|Any CPU
		{71A8109F-6827-40B5-B9F9-C06F239B6114}.Release|Any CPU.ActiveCfg = Release|Any CPU
		{71A8109F-6827-40B5-B9F9-C06F239B6114}.Release|Any CPU.Build.0 = Release|Any CPU
	EndGlobalSection
	GlobalSection(SolutionProperties) = preSolution
		HideSolutionNode = FALSE
	EndGlobalSection
	GlobalSection(ExtensibilityGlobals) = postSolution
		SolutionGuid = {FDEDEF26-1662-4E60-87A0-48BAB0042672}
	EndGlobalSection
EndGlobal
